lockfileVersion: '9.0'

settings:
  autoInstallPeers: true
  excludeLinksFromLockfile: false

importers:

  .:
    dependencies:
      '@agent-fannypack/mcp':
        specifier: link:../agent-fannypack/mcp
        version: link:../agent-fannypack/mcp
      '@github/copilot':
        specifier: 1.0.79
        version: 1.0.79
      '@github/copilot-sdk':
        specifier: 1.0.9
        version: 1.0.9
      '@modelcontextprotocol/node':
        specifier: 2.0.0
        version: 2.0.0(@modelcontextprotocol/server@2.0.0)(hono@4.13.0)
      '@modelcontextprotocol/server':
        specifier: 2.0.0
        version: 2.0.0
      ws:
        specifier: 8.21.2
        version: 8.21.2
      zod:
        specifier: 4.4.3
        version: 4.4.3
    devDependencies:
      '@modelcontextprotocol/client':
        specifier: 2.0.0
        version: 2.0.0
      '@types/node':
        specifier: 24.1.0
        version: 24.1.0
      '@types/ws':
        specifier: 8.18.1
        version: 8.18.1
      tsx:
        specifier: 4.20.3
        version: 4.20.3
      typescript:
        specifier: 7.0.2
        version: 7.0.2

packages:

  '@esbuild/aix-ppc64@0.25.12':
    resolution: {integrity: sha512-Hhmwd6CInZ3dwpuGTF8fJG6yoWmsToE+vYgD4nytZVxcu1ulHpUQRAB1UJ8+N1Am3Mz4+xOByoQoSZf4D+CpkA==}
    engines: {node: '>=18'}
    cpu: [ppc64]
    os: [aix]

  '@esbuild/android-arm64@0.25.12':
    resolution: {integrity: sha512-6AAmLG7zwD1Z159jCKPvAxZd4y/VTO0VkprYy+3N2FtJ8+BQWFXU+OxARIwA46c5tdD9SsKGZ/1ocqBS/gAKHg==}
    engines: {node: '>=18'}
    cpu: [arm64]
    os: [android]

  '@esbuild/android-arm@0.25.12':
    resolution: {integrity: sha512-VJ+sKvNA/GE7Ccacc9Cha7bpS8nyzVv0jdVgwNDaR4gDMC/2TTRc33Ip8qrNYUcpkOHUT5OZ0bUcNNVZQ9RLlg==}
    engines: {node: '>=18'}
    cpu: [arm]
    os: [android]

  '@esbuild/android-x64@0.25.12':
    resolution: {integrity: sha512-5jbb+2hhDHx5phYR2By8GTWEzn6I9UqR11Kwf22iKbNpYrsmRB18aX/9ivc5cabcUiAT/wM+YIZ6SG9QO6a8kg==}
    engines: {node: '>=18'}
    cpu: [x64]
    os: [android]

  '@esbuild/darwin-arm64@0.25.12':
    resolution: {integrity: sha512-N3zl+lxHCifgIlcMUP5016ESkeQjLj/959RxxNYIthIg+CQHInujFuXeWbWMgnTo4cp5XVHqFPmpyu9J65C1Yg==}
    engines: {node: '>=18'}
    cpu: [arm64]
    os: [darwin]

  '@esbuild/darwin-x64@0.25.12':
    resolution: {integrity: sha512-HQ9ka4Kx21qHXwtlTUVbKJOAnmG1ipXhdWTmNXiPzPfWKpXqASVcWdnf2bnL73wgjNrFXAa3yYvBSd9pzfEIpA==}
    engines: {node: '>=18'}
    cpu: [x64]
    os: [darwin]

  '@esbuild/freebsd-arm64@0.25.12':
    resolution: {integrity: sha512-gA0Bx759+7Jve03K1S0vkOu5Lg/85dou3EseOGUes8flVOGxbhDDh/iZaoek11Y8mtyKPGF3vP8XhnkDEAmzeg==}
    engines: {node: '>=18'}
    cpu: [arm64]
    os: [freebsd]

  '@esbuild/freebsd-x64@0.25.12':
    resolution: {integrity: sha512-TGbO26Yw2xsHzxtbVFGEXBFH0FRAP7gtcPE7P5yP7wGy7cXK2oO7RyOhL5NLiqTlBh47XhmIUXuGciXEqYFfBQ==}
    engines: {node: '>=18'}
    cpu: [x64]
    os: [freebsd]

  '@esbuild/linux-arm64@0.25.12':
    resolution: {integrity: sha512-8bwX7a8FghIgrupcxb4aUmYDLp8pX06rGh5HqDT7bB+8Rdells6mHvrFHHW2JAOPZUbnjUpKTLg6ECyzvas2AQ==}
    engines: {node: '>=18'}
    cpu: [arm64]
    os: [linux]

  '@esbuild/linux-arm@0.25.12':
    resolution: {integrity: sha512-lPDGyC1JPDou8kGcywY0YILzWlhhnRjdof3UlcoqYmS9El818LLfJJc3PXXgZHrHCAKs/Z2SeZtDJr5MrkxtOw==}
    engines: {node: '>=18'}
    cpu: [arm]
    os: [linux]

  '@esbuild/linux-ia32@0.25.12':
    resolution: {integrity: sha512-0y9KrdVnbMM2/vG8KfU0byhUN+EFCny9+8g202gYqSSVMonbsCfLjUO+rCci7pM0WBEtz+oK/PIwHkzxkyharA==}
    engines: {node: '>=18'}
    cpu: [ia32]
    os: [linux]

  '@esbuild/linux-loong64@0.25.12':
    resolution: {integrity: sha512-h///Lr5a9rib/v1GGqXVGzjL4TMvVTv+s1DPoxQdz7l/AYv6LDSxdIwzxkrPW438oUXiDtwM10o9PmwS/6Z0Ng==}
    engines: {node: '>=18'}
    cpu: [loong64]
    os: [linux]

  '@esbuild/linux-mips64el@0.25.12':
    resolution: {integrity: sha512-iyRrM1Pzy9GFMDLsXn1iHUm18nhKnNMWscjmp4+hpafcZjrr2WbT//d20xaGljXDBYHqRcl8HnxbX6uaA/eGVw==}
    engines: {node: '>=18'}
    cpu: [mips64el]
    os: [linux]

  '@esbuild/linux-ppc64@0.25.12':
    resolution: {integrity: sha512-9meM/lRXxMi5PSUqEXRCtVjEZBGwB7P/D4yT8UG/mwIdze2aV4Vo6U5gD3+RsoHXKkHCfSxZKzmDssVlRj1QQA==}
    engines: {node: '>=18'}
    cpu: [ppc64]
    os: [linux]

  '@esbuild/linux-riscv64@0.25.12':
    resolution: {integrity: sha512-Zr7KR4hgKUpWAwb1f3o5ygT04MzqVrGEGXGLnj15YQDJErYu/BGg+wmFlIDOdJp0PmB0lLvxFIOXZgFRrdjR0w==}
    engines: {node: '>=18'}
    cpu: [riscv64]
    os: [linux]

  '@esbuild/linux-s390x@0.25.12':
    resolution: {integrity: sha512-MsKncOcgTNvdtiISc/jZs/Zf8d0cl/t3gYWX8J9ubBnVOwlk65UIEEvgBORTiljloIWnBzLs4qhzPkJcitIzIg==}
    engines: {node: '>=18'}
    cpu: [s390x]
    os: [linux]

  '@esbuild/linux-x64@0.25.12':
    resolution: {integrity: sha512-uqZMTLr/zR/ed4jIGnwSLkaHmPjOjJvnm6TVVitAa08SLS9Z0VM8wIRx7gWbJB5/J54YuIMInDquWyYvQLZkgw==}
    engines: {node: '>=18'}
    cpu: [x64]
    os: [linux]

  '@esbuild/netbsd-arm64@0.25.12':
    resolution: {integrity: sha512-xXwcTq4GhRM7J9A8Gv5boanHhRa/Q9KLVmcyXHCTaM4wKfIpWkdXiMog/KsnxzJ0A1+nD+zoecuzqPmCRyBGjg==}
    engines: {node: '>=18'}
    cpu: [arm64]
    os: [netbsd]

  '@esbuild/netbsd-x64@0.25.12':
    resolution: {integrity: sha512-Ld5pTlzPy3YwGec4OuHh1aCVCRvOXdH8DgRjfDy/oumVovmuSzWfnSJg+VtakB9Cm0gxNO9BzWkj6mtO1FMXkQ==}
    engines: {node: '>=18'}
    cpu: [x64]
    os: [netbsd]

  '@esbuild/openbsd-arm64@0.25.12':
    resolution: {integrity: sha512-fF96T6KsBo/pkQI950FARU9apGNTSlZGsv1jZBAlcLL1MLjLNIWPBkj5NlSz8aAzYKg+eNqknrUJ24QBybeR5A==}
    engines: {node: '>=18'}
    cpu: [arm64]
    os: [openbsd]

  '@esbuild/openbsd-x64@0.25.12':
    resolution: {integrity: sha512-MZyXUkZHjQxUvzK7rN8DJ3SRmrVrke8ZyRusHlP+kuwqTcfWLyqMOE3sScPPyeIXN/mDJIfGXvcMqCgYKekoQw==}
    engines: {node: '>=18'}
    cpu: [x64]
    os: [openbsd]

  '@esbuild/openharmony-arm64@0.25.12':
    resolution: {integrity: sha512-rm0YWsqUSRrjncSXGA7Zv78Nbnw4XL6/dzr20cyrQf7ZmRcsovpcRBdhD43Nuk3y7XIoW2OxMVvwuRvk9XdASg==}
    engines: {node: '>=18'}
    cpu: [arm64]
    os: [openharmony]

  '@esbuild/sunos-x64@0.25.12':
    resolution: {integrity: sha512-3wGSCDyuTHQUzt0nV7bocDy72r2lI33QL3gkDNGkod22EsYl04sMf0qLb8luNKTOmgF/eDEDP5BFNwoBKH441w==}
    engines: {node: '>=18'}
    cpu: [x64]
    os: [sunos]

  '@esbuild/win32-arm64@0.25.12':
    resolution: {integrity: sha512-rMmLrur64A7+DKlnSuwqUdRKyd3UE7oPJZmnljqEptesKM8wx9J8gx5u0+9Pq0fQQW8vqeKebwNXdfOyP+8Bsg==}
    engines: {node: '>=18'}
    cpu: [arm64]
    os: [win32]

  '@esbuild/win32-ia32@0.25.12':
    resolution: {integrity: sha512-HkqnmmBoCbCwxUKKNPBixiWDGCpQGVsrQfJoVGYLPT41XWF8lHuE5N6WhVia2n4o5QK5M4tYr21827fNhi4byQ==}
    engines: {node: '>=18'}
    cpu: [ia32]
    os: [win32]

  '@esbuild/win32-x64@0.25.12':
    resolution: {integrity: sha512-alJC0uCZpTFrSL0CCDjcgleBXPnCrEAhTBILpeAp7M/OFgoqtAetfBzX0xM00MUsVVPpVjlPuMbREqnZCXaTnA==}
    engines: {node: '>=18'}
    cpu: [x64]
    os: [win32]

  '@github/copilot-darwin-arm64@1.0.78':
    resolution: {integrity: sha512-P11+VyWg8ad0WlywGtO2d7AxqTLJv4hkUicFg6Ycth5lfk00aCu/74YOOZSPO6C2bBBJhAza7oAdmauM6KEojw==}
    cpu: [arm64]
    os: [darwin]
    hasBin: true

  '@github/copilot-darwin-arm64@1.0.79':
    resolution: {integrity: sha512-rsw7JoMvlcxXb0yx08oIeEc0x2hUEwKSfhX9ESKfdMVt0Ckrzm4OEvNUyzOpOnLJ9+l3h/aI+u1w5g2ZU2K7UA==}
    cpu: [arm64]
    os: [darwin]
    hasBin: true

  '@github/copilot-darwin-x64@1.0.78':
    resolution: {integrity: sha512-stimP3WDFs2GU8nJzTJbtRpZViV4bsf80yg7QrFq+G4RISQ3Nihg/3/H0U6UQF1+txMJ/Ohmb5RFYxSw1Hj2sw==}
    cpu: [x64]
    os: [darwin]
    hasBin: true

  '@github/copilot-darwin-x64@1.0.79':
    resolution: {integrity: sha512-D983e2lXYnq+KhjA8mTZXonY1+LGfJN9BM195J73shUvx49nRJmibDHWLvVtGeYc+43evGUOAQrOqOspAhhWPQ==}
    cpu: [x64]
    os: [darwin]
    hasBin: true

  '@github/copilot-linux-arm64@1.0.78':
    resolution: {integrity: sha512-K31PRKGTm252V1Lof7ypjg283R2QSm3BgoCvZfX2taos4wqC3SaTozSQKwW3dgrAx7A3G3SGEoilVCNqfigdZA==}
    cpu: [arm64]
    os: [linux]
    libc: [glibc]
    hasBin: true

  '@github/copilot-linux-arm64@1.0.79':
    resolution: {integrity: sha512-qqaNkvi92Wg+4OZk/kTWC2nUG72G0vV6eRAo5+PnKaPmjdX1GsI0a+lPxXPEbzX0zYLi/8yrUyANwyyNEsGgXA==}
    cpu: [arm64]
    os: [linux]
    libc: [glibc]
    hasBin: true

  '@github/copilot-linux-x64@1.0.78':
    resolution: {integrity: sha512-QK3oMtAn9dIv+1u1kx0xNpZNtZxdI+uZVIyLl7myp+Oh2Uj8BLagVv6a7uP0cDphO3TgfIdlvpepCe5MIcx0fw==}
    cpu: [x64]
    os: [linux]
    libc: [glibc]
    hasBin: true

  '@github/copilot-linux-x64@1.0.79':
    resolution: {integrity: sha512-wzotZfvHkItutciLFMXZT2k9Qiii4Ta8tsVDCMQ7CP8hPxV91FyJ1yf3+FFSSfPvWrfYM6BOAiqIuX+LjgRuiw==}
    cpu: [x64]
    os: [linux]
    libc: [glibc]
    hasBin: true

  '@github/copilot-linuxmusl-arm64@1.0.78':
    resolution: {integrity: sha512-F/0cTMsz6ug4yiXn3RKaCAMsLR261U5Njb6G9Y/HeAI7ES/tKEo2t5SHuvgXaIH4mYiZsRvfDKdX7c0WgBX/Jg==}
    cpu: [arm64]
    os: [linux]
    libc: [musl]
    hasBin: true

  '@github/copilot-linuxmusl-arm64@1.0.79':
    resolution: {integrity: sha512-INtRSARl7DdNm2MXnn4GJuK+Y7QD24ANox02uH8htNQwRlNvdvg+YGS1V/mYgLDXFepeUjMjzTNC+i70+kh5uw==}
    cpu: [arm64]
    os: [linux]
    libc: [musl]
    hasBin: true

  '@github/copilot-linuxmusl-x64@1.0.78':
    resolution: {integrity: sha512-YMaJaeBGbArGAFYel+yFaFW/0rFgh0Oqki2f2mUtlonTX/xHr8EB4+mTnMJkHYMFy4gOTC3OtSEEe1NaW/cBXQ==}
    cpu: [x64]
    os: [linux]
    libc: [musl]
    hasBin: true

  '@github/copilot-linuxmusl-x64@1.0.79':
    resolution: {integrity: sha512-LxJAIfPP6Ok/9qpXGZuhnAft3W9JVcK9tbO3jWXcGDJT3v+2NtutyjmP/A7/cDXdTruXVQ4MybwAgacN8Gj/sg==}
    cpu: [x64]
    os: [linux]
    libc: [musl]
    hasBin: true

  '@github/copilot-sdk@1.0.9':
    resolution: {integrity: sha512-ZQJYbKhQTvpiUOU4rtPjppzVQv41gGymaD+AuWDbiZPYvSMSB4jZ/epvCrDs7jgqWa52r+j2D9eOQoSzdUMO6Q==}
    engines: {node: ^20.19.0 || >=22.12.0}

  '@github/copilot-win32-arm64@1.0.78':
    resolution: {integrity: sha512-ktDkFXaaecEKD3hpM6ydM9lKOdoCfsQsXCmzLzE7DCmSpbbMCdfPfWfZ7MOclmKmpZ5/MNfr4U2l8CUqGerzYA==}
    cpu: [arm64]
    os: [win32]
    hasBin: true

  '@github/copilot-win32-arm64@1.0.79':
    resolution: {integrity: sha512-5wg/ayCBTVy4g4FdO/9BJZRVARY0sgjAn9rBkw5BSJMv4u7Mvxg5Sftlift+V5UWxTyCSHAELZ5IHKvox4Yi8w==}
    cpu: [arm64]
    os: [win32]
    hasBin: true

  '@github/copilot-win32-x64@1.0.78':
    resolution: {integrity: sha512-Gd8l2T4eqYEWlOEPd0SZznQ+YYgYrwOkE0QXodMkhCBbPdgu/uTzb7mnISWwnVAgqs7pONdF1GOpHkTo+ay8CQ==}
    cpu: [x64]
    os: [win32]
    hasBin: true

  '@github/copilot-win32-x64@1.0.79':
    resolution: {integrity: sha512-FTpThWwwCDYnLdE0pfdo5zpAQLLVg36kmC2IKyVMuCYv9iPe7rE1mz7ng/UITN9M3TAMBrwHSvCV3pITvw4W8Q==}
    cpu: [x64]
    os: [win32]
    hasBin: true

  '@github/copilot@1.0.78':
    resolution: {integrity: sha512-jn+8HLZC3R7d6K1/1g9L1iWNKzBVS3JdVcx40r3aWyS5r+MLV1OPNp0fo5OfRMCDIm3NmEaaoqypi9sQkCXuiQ==}
    hasBin: true

  '@github/copilot@1.0.79':
    resolution: {integrity: sha512-uHBm2BYbKJgyfiKp1WokX7QUNHGvzEX0zaGeb3qM3CybP06rsJrX3JgQe95qwwma6vQz0ah9gV68ERW2JqaKRA==}
    hasBin: true

  '@hono/node-server@1.19.17':
    resolution: {integrity: sha512-dSneS5qhiauZWGDCeK4o695Xd9nUNjviSZCMQrj10eetr8Uln1ucn6bbphOM6UynAMMtNIzZNSpL9vnASJwrPQ==}
    engines: {node: '>=18.14.1'}
    peerDependencies:
      hono: ^4

  '@koromix/koffi-darwin-arm64@3.1.4':
    resolution: {integrity: sha512-/9o0uahf25sNXz7CczfMAsgdHrrrkDK3/d1W5ygJUC7QnpWo80103yTYpYahWP3vTABK5yjzKtURgssv1paskA==}
    cpu: [arm64]
    os: [darwin]

  '@koromix/koffi-darwin-x64@3.1.4':
    resolution: {integrity: sha512-6IOhfAHbrySr6lYRU720Hg+IMQvtMpN08k9Ppf9WF8NxYRdHLnW1FJm7zCbClfrwudtjhS/piwDYwgAkO5u8cg==}
    cpu: [x64]
    os: [darwin]

  '@koromix/koffi-freebsd-arm64@3.1.4':
    resolution: {integrity: sha512-JKCWC0awdVvq7Nd/etn4PXFTa7uvyHn7IzqtaOZ3r4dJRdwQVby7Ai/wsQo8UUrJfAYlALkLYgFgU8wgsnAE/A==}
    cpu: [arm64]
    os: [freebsd]

  '@koromix/koffi-freebsd-ia32@3.1.4':
    resolution: {integrity: sha512-gU9pShDRLMZzftdGW+mTzyL8Cpa/7nzHPHe5vFakjGgtIzVFzdFBqwli4oB+tFsx44W1VqMMlvMMVlnz54ERiQ==}
    cpu: [ia32]
    os: [freebsd]

  '@koromix/koffi-freebsd-x64@3.1.4':
    resolution: {integrity: sha512-2kppLX97xBM3WoQET6noN4W02zT2fkFRXHYluAwcCcmkEax8AVJ1CYs6hxcZ3kaNPc+5P7yMw3V/b1lg2v3aMw==}
    cpu: [x64]
    os: [freebsd]

  '@koromix/koffi-linux-arm64@3.1.4':
    resolution: {integrity: sha512-yYbypuGVGqrNchkAMY59kj+7TZ1c1u9lXRG1+74X9T8G4rOaushoVONNYLuu+ygpbwsKzz/NvEDtRioRU/dQlQ==}
    cpu: [arm64]
    os: [linux]

  '@koromix/koffi-linux-ia32@3.1.4':
    resolution: {integrity: sha512-IoA/8Qfc6ZEmwMw2Nf4aSp9RfJnxh0UHhdqD4FsVXm0vC797kLMuzj744vv5tll+waVfjrU10jREqjtnMVFoQw==}
    cpu: [ia32]
    os: [linux]

  '@koromix/koffi-linux-loong64@3.1.4':
    resolution: {integrity: sha512-ZUTdea+9dg6CV9J9CIGbhTh0FtSBgvcGKqDrlp9BVQF71jEDKOri1by/TrDe8yQUyC5kzWN8vWnkzES5wT0xDg==}
    cpu: [loong64]
    os: [linux]

  '@koromix/koffi-linux-riscv64@3.1.4':
    resolution: {integrity: sha512-CINyyhNYV/8MX52MGhYcik2G6PXH+KEU2JEO7dOONlsGol4lSGyW40RvYA4RQgNYk8q8imGSEScL08X8eOXnaA==}
    cpu: [riscv64]
    os: [linux]

  '@koromix/koffi-linux-x64@3.1.4':
    resolution: {integrity: sha512-x3XnAy/tUTTCX/gMpV7VJNpOQIVQvzNhNYDrpyIeS9Q8/f1qLsE0vp0tj7A/YEDIfMVLqoJtyamfRJc04+vk4w==}
    cpu: [x64]
    os: [linux]

  '@koromix/koffi-openbsd-ia32@3.1.4':
    resolution: {integrity: sha512-r9p/fffvmBm7+iT5BZ+c17gZJ280jvmbinrPZqjG14rF9I4lk7xrlV79YfsexkeN4mcPjF2hSPtbMNFBoQU3Dw==}
    cpu: [ia32]
    os: [openbsd]

  '@koromix/koffi-openbsd-x64@3.1.4':
    resolution: {integrity: sha512-SNp5AxOzheC2YaWPu3Y86wxRHHWf6V9NMl5Ot5nu9OpnP61Yinzug7JwsCeXtcZZTbKLsfsWoT7y4n17UYpOVA==}
    cpu: [x64]
    os: [openbsd]

  '@koromix/koffi-win32-arm64@3.1.4':
    resolution: {integrity: sha512-oS8ETU35AelOD6DY7xmmz9qq26Xl38upXWiZbsdxbtH9UEIY0QpenQOuCK/0+q4CtfiLorRUlglGkO9YgPAIeA==}
    cpu: [arm64]
    os: [win32]

  '@koromix/koffi-win32-ia32@3.1.4':
    resolution: {integrity: sha512-zd7Qh8s4fzblD9zzuDf44XCbujYg3QrffhgcNJg79/YC6ABT2m0CUtX4yFic9EWm2ps8NPAM25kCTCXPpt3eaw==}
    cpu: [ia32]
    os: [win32]

  '@koromix/koffi-win32-x64@3.1.4':
    resolution: {integrity: sha512-BPeQXc1bRd0QBOklvsP+AjoRnUzKbPNE6rfx7VNxrebhh09MKld2ibstgKWn6ejQLEcfKEoUJ+WAWIhX4AOsIg==}
    cpu: [x64]
    os: [win32]

  '@modelcontextprotocol/client@2.0.0':
    resolution: {integrity: sha512-8f1OghQ2rjzIOfqgUCP+8GiUWqRs89njoWLNqAe8kWmDePv3s1fZXseej+QXemssEuuOvLLmLO/kqM3IQHtISw==}
    engines: {node: '>=20'}

  '@modelcontextprotocol/core@2.0.0':
    resolution: {integrity: sha512-pJCEwGG7Lfr/+PQp9ZTwKXNeO5wzbfKL7H3MYpCorM4oFBoQrdjnBgEoqG+RjhsvS1FKrDbKux+M1HhlnGWqcA==}
    engines: {node: '>=20'}

  '@modelcontextprotocol/node@2.0.0':
    resolution: {integrity: sha512-Y4hAC2XdGDUdDOCbLDOCA4+aL3NUldjsOWlDL/YwpAxrPhRm1xHd7lZ+mLacvZ9t3PaH28wgNoaLQGrIk1P2pg==}
    engines: {node: '>=20'}
    peerDependencies:
      '@modelcontextprotocol/server': ^2.0.0
      hono: ^4.11.4
    peerDependenciesMeta:
      hono:
        optional: true

  '@modelcontextprotocol/server@2.0.0':
    resolution: {integrity: sha512-YhHWdHfpFMQfd0prsEnxKeS3Qz3ytIGmsS0sth4KDjnacIT7hxk6hXHkJ9KysxlkvTM+WZAtQbbcUhdoP4Hvtw==}
    engines: {node: '>=20'}

  '@types/node@24.1.0':
    resolution: {integrity: sha512-ut5FthK5moxFKH2T1CUOC6ctR67rQRvvHdFLCD2Ql6KXmMuCrjsSsRI9UsLCm9M18BMwClv4pn327UvB7eeO1w==}

  '@types/ws@8.18.1':
    resolution: {integrity: sha512-ThVF6DCVhA8kUGy+aazFQ4kXQ7E1Ty7A3ypFOe0IcJV8O/M511G99AW24irKrW56Wt44yG9+ij8FaqoBGkuBXg==}

  '@typescript/typescript-aix-ppc64@7.0.2':
    resolution: {integrity: sha512-MTKKkWB7p/0E9xi1d1tHtZ5PiLkGEMIq88pK2CubZjOsLtYTLqhgIgi6zepFa+9GHZ6h05NMCkQxGKiPXMxXtQ==}
    engines: {node: '>=16.20.0'}
    cpu: [ppc64]
    os: [aix]

  '@typescript/typescript-darwin-arm64@7.0.2':
    resolution: {integrity: sha512-gowzar9MwS/aRWp6f3a4KUqzRjAZjOsmGNCM6LcTgXum+dBfgsBVMN+AgvOCCbguXyick6LJhpBszxMebJ8syA==}
    engines: {node: '>=16.20.0'}
    cpu: [arm64]
    os: [darwin]

  '@typescript/typescript-darwin-x64@7.0.2':
    resolution: {integrity: sha512-SZ9xZInqApNlNGc9s0W1VSsktYSOe9cFqNOIqmN1Gs8SmkjKZYFt017G4VwPxASInODuAdbTW7sXiFUf893RgA==}
    engines: {node: '>=16.20.0'}
    cpu: [x64]
    os: [darwin]

  '@typescript/typescript-freebsd-arm64@7.0.2':
    resolution: {integrity: sha512-W5NH4y/J0plIIS5b2xvTEkU7JFxyqdMAOgf+Ilhl0vHQXKO5dZoxd+C/jEtq56c4F3wk71RB4BMRQ2XdI+bwYQ==}
    engines: {node: '>=16.20.0'}
    cpu: [arm64]
    os: [freebsd]

  '@typescript/typescript-freebsd-x64@7.0.2':
    resolution: {integrity: sha512-UMGDx5sTpzNw3WiPebH7l90IWfJggEd+egHt/q6p7/Cm3zqoV7VxkGXt+3DxPIw8CcmvAB0j3sVVfbhX+M4Tpw==}
    engines: {node: '>=16.20.0'}
    cpu: [x64]
    os: [freebsd]

  '@typescript/typescript-linux-arm64@7.0.2':
    resolution: {integrity: sha512-Qh4eU4/y3yDjnfjjyPYihMj5/ODIlmt+Bzu17OI+fiSRDW57QmU5SiN63exPRNJPKUzcc1INa1NXdrJ+MqHjUQ==}
    engines: {node: '>=16.20.0'}
    cpu: [arm64]
    os: [linux]

  '@typescript/typescript-linux-arm@7.0.2':
    resolution: {integrity: sha512-gffT3xPz9sR7j/YJExkyPntrI0P2EP9XbOyWzth2/Gs0RstK+90RBcO0ncXoXy/beYll1SXw846Nf2zdnEz0QQ==}
    engines: {node: '>=16.20.0'}
    cpu: [arm]
    os: [linux]

  '@typescript/typescript-linux-loong64@7.0.2':
    resolution: {integrity: sha512-uEHck9i8hoAzXPiYRib1O7miOnz23SxIeVl6F4LXox+qov1K35jHcEW6VHKvZI+pyvl7fZEP4MCU5LYvIq1GuQ==}
    engines: {node: '>=16.20.0'}
    cpu: [loong64]
    os: [linux]

  '@typescript/typescript-linux-mips64el@7.0.2':
    resolution: {integrity: sha512-R4KvAMnE43W5Qeqb0Ly56O3mWMWIAgsMyz36DCaycd5nbg/9kzm0liw3JocfRqyJY0KPmzFjbswozXyW0DnIYA==}
    engines: {node: '>=16.20.0'}
    cpu: [mips64el]
    os: [linux]

  '@typescript/typescript-linux-ppc64@7.0.2':
    resolution: {integrity: sha512-DORx5b3sd/4S7eayxm4FQv+A7CrkUIGRaHiwI8oiHTAI1fAPWhF4J0vAlkC8biAlHSVVwxMQ3tjZ2/DVbnQiiA==}
    engines: {node: '>=16.20.0'}
    cpu: [ppc64]
    os: [linux]

  '@typescript/typescript-linux-riscv64@7.0.2':
    resolution: {integrity: sha512-wf0jqEDOjrPRnKwYRyyJDRo11KMbvMFrU+q4zqKyChODBzvlkbhNQfKvLxQCcwTpdDaXSHZTVuh0JoCrKCUMHQ==}
    engines: {node: '>=16.20.0'}
    cpu: [riscv64]
    os: [linux]

  '@typescript/typescript-linux-s390x@7.0.2':
    resolution: {integrity: sha512-IkwJc3L7yhytWd/ewjyxNDfOmswCm9GWMJT/ue/dU4aZNbwZeYAetq42VyLmsmSjvoX7z74X6ZaYCtzAr0EuGw==}
    engines: {node: '>=16.20.0'}
    cpu: [s390x]
    os: [linux]

  '@typescript/typescript-linux-x64@7.0.2':
    resolution: {integrity: sha512-EYdf2cNg7rgCWJnxCdJ+F3V39O8ihb37eHAu1LK8oAFizgTQbPOK7zHHXbPt8rX24COqODXeI3sIf0fCXG7H/A==}
    engines: {node: '>=16.20.0'}
    cpu: [x64]
    os: [linux]

  '@typescript/typescript-netbsd-arm64@7.0.2':
    resolution: {integrity: sha512-+polYF4MF04aPpO5FTkHran9yUQDSXqy5GiSDKpsll5jy3l3+g9QLhpf39T+ePtefhXLOGrLl0QIjkQP6VnelA==}
    engines: {node: '>=16.20.0'}
    cpu: [arm64]
    os: [netbsd]

  '@typescript/typescript-netbsd-x64@7.0.2':
    resolution: {integrity: sha512-8YIT0EHM/3dq10ZOVF/A7pc/YSMtbcecct4rWtexrnSCHOPcpC2KTLXfTCR6vDpnSiY12heNb1GiN/wu+T/FyA==}
    engines: {node: '>=16.20.0'}
    cpu: [x64]
    os: [netbsd]

  '@typescript/typescript-openbsd-arm64@7.0.2':
    resolution: {integrity: sha512-APT8+ClYnuYm1u9+kgGXoMj2VzWzcymwh2gNSQVySHfkRDGOTVkoWLjCmOQSaO+PoqQ57B0flRp9SA+7GnnkzQ==}
    engines: {node: '>=16.20.0'}
    cpu: [arm64]
    os: [openbsd]

  '@typescript/typescript-openbsd-x64@7.0.2':
    resolution: {integrity: sha512-yX7s+Q0Dln0Dt9tEzZsAjXXR/+ytBM7AlglaqyeMPxQszJ1JhlJdZ6jLA+IzldHtflX81em7lDao1xXu+aRRkg==}
    engines: {node: '>=16.20.0'}
    cpu: [x64]
    os: [openbsd]

  '@typescript/typescript-sunos-x64@7.0.2':
    resolution: {integrity: sha512-dLJDGaLZ1D4HPQn62u1n8mBDkJREwMsAkCdkwd4Ieqw+x3TUyTsqY0YiBCtE6H6OzzgGk3iuZ3vFWRS+E8/d1g==}
    engines: {node: '>=16.20.0'}
    cpu: [x64]
    os: [sunos]

  '@typescript/typescript-win32-arm64@7.0.2':
    resolution: {integrity: sha512-Gyl1Vy6OsWesLzmq+EP0Fb7b4Nid5232AvcA2SFcdYreldpNtYFFofPjnt62y9hQy7VTaZp65ICJjuAQRaVcIQ==}
    engines: {node: '>=16.20.0'}
    cpu: [arm64]
    os: [win32]

  '@typescript/typescript-win32-x64@7.0.2':
    resolution: {integrity: sha512-0BQ3HkAHHlKLSp1qRvf3SUhGpGsDuhB/jgFw75guyqbxJqEaS0Cw/VFO8i2nHglJUzQCRtMMR/IBAKE3ETMC4g==}
    engines: {node: '>=16.20.0'}
    cpu: [x64]
    os: [win32]

  cross-spawn@7.0.6:
    resolution: {integrity: sha512-uV2QOWP2nWzsy2aMp8aRibhi9dlzF5Hgh5SHaB9OiTGEyDTiJJyx0uy51QXdyWbtAHNua4XJzUKca3OzKUd3vA==}
    engines: {node: '>= 8'}

  detect-libc@2.1.2:
    resolution: {integrity: sha512-Btj2BOOO83o3WyH59e8MgXsxEQVcarkUOpEYrubB0urwnN10yQ364rsiByU11nZlqWYZm05i/of7io4mzihBtQ==}
    engines: {node: '>=8'}

  esbuild@0.25.12:
    resolution: {integrity: sha512-bbPBYYrtZbkt6Os6FiTLCTFxvq4tt3JKall1vRwshA3fdVztsLAatFaZobhkBC8/BrPetoa0oksYoKXoG4ryJg==}
    engines: {node: '>=18'}
    hasBin: true

  eventsource-parser@3.1.0:
    resolution: {integrity: sha512-kJezFj9YFAMLeORyi7aCLxLbD5/qWMQnoMVlVPyHIll7lgRJCc3JVln9Vgl9nwQi0YkMnhdGTMNn7CkRRAptMg==}
    engines: {node: '>=18.0.0'}

  eventsource@3.0.7:
    resolution: {integrity: sha512-CRT1WTyuQoD771GW56XEZFQ/ZoSfWid1alKGDYMmkt2yl8UXrVR4pspqWNEcqKvVIzg6PAltWjxcSSPrboA4iA==}
    engines: {node: '>=18.0.0'}

  fsevents@2.3.3:
    resolution: {integrity: sha512-5xoDfX+fL7faATnagmWPpbFtwh/R77WmMMqqHGS65C3vvB0YHrgF+B1YmZ3441tMj5n63k0212XNoJwzlhffQw==}
    engines: {node: ^8.16.0 || ^10.6.0 || >=11.0.0}
    os: [darwin]

  get-tsconfig@4.14.1:
    resolution: {integrity: sha512-Dz/6HxkrxgNehhxLVeyv8sad9UzF2xBVeaKBQNDfJ5XiSXmp2gTR0eO0RWiT2NCKS5aGP9jjkOMggTN90qU50A==}

  hono@4.13.0:
    resolution: {integrity: sha512-jhunvfHWxd7J5EFfSgH4xsYJzSe/lfqbUCxiyyeaQasUsXeEHXtzVid+7EOGByc5JnFa23SSFL3Y2RV/z1T+eQ==}
    engines: {node: '>=16.9.0'}

  isexe@2.0.0:
    resolution: {integrity: sha512-RHxMLp9lnKHGHRng9QFhRCMbYAcVpn69smSGcq3f36xjgVVWThj4qqLbTLlq7Ssj8B+fIQ1EuCEGI2lKsyQeIw==}

  jose@6.2.8:
    resolution: {integrity: sha512-Bsdjwm3Qsd/P0jR+BHDe3LytDfY7WBq2HmCCLIwuVRHMuEC9ae7/R474GIUdF1NgCyZjzVo/A9DOiOBtXq8ZoQ==}

  koffi@3.1.4:
    resolution: {integrity: sha512-KHX39XIg7afe8ds+0MHPoLiKR9dCzsVK4oAmBUSaeJlcX0xur22f15C2DILbZ6GJ9eyqC+e6Sb1cTG7M17z+Tg==}

  path-key@3.1.1:
    resolution: {integrity: sha512-ojmeN0qd+y0jszEtoY48r0Peq5dwMEkIlCOu6Q5f41lfkswXuKtYrhgoTpLnyIcHm24Uhqx+5Tqm2InSwLhE6Q==}
    engines: {node: '>=8'}

  pkce-challenge@5.0.1:
    resolution: {integrity: sha512-wQ0b/W4Fr01qtpHlqSqspcj3EhBvimsdh0KlHhH8HRZnMsEa0ea2fTULOXOS9ccQr3om+GcGRk4e+isrZWV8qQ==}
    engines: {node: '>=16.20.0'}

  resolve-pkg-maps@1.0.0:
    resolution: {integrity: sha512-seS2Tj26TBVOC2NIc2rOe2y2ZO7efxITtLZcGSOnHHNOQ7CkiUBfw0Iw2ck6xkIhPwLhKNLS8BO+hEpngQlqzw==}

  shebang-command@2.0.0:
    resolution: {integrity: sha512-kHxr2zZpYtdmrN1qDjrrX/Z1rR1kG8Dx+gkpK1G4eXmvXswmcE1hTWBWYUzlraYw1/yZp6YuDY77YtvbN0dmDA==}
    engines: {node: '>=8'}

  shebang-regex@3.0.0:
    resolution: {integrity: sha512-7++dFhtcx3353uBaq8DDR4NuxBetBzC7ZQOhmTQInHEd6bSrXdiEyzCvG07Z44UYdLShWUyXt5M/yhz8ekcb1A==}
    engines: {node: '>=8'}

  tsx@4.20.3:
    resolution: {integrity: sha512-qjbnuR9Tr+FJOMBqJCW5ehvIo/buZq7vH7qD7JziU98h6l3qGy0a/yPFjwO+y0/T7GFpNgNAvEcPPVfyT8rrPQ==}
    engines: {node: '>=18.0.0'}
    hasBin: true

  typescript@7.0.2:
    resolution: {integrity: sha512-8FYau96o3NKOhbjKi/qNvG/W5jhzxkbdm5sj9AbZ/5T5sWqn3hJgLfGx27sRKZWTvyzCP8dLRBTf5tBTSRVUNA==}
    engines: {node: '>=16.20.0'}
    hasBin: true

  undici-types@7.8.0:
    resolution: {integrity: sha512-9UJ2xGDvQ43tYyVMpuHlsgApydB8ZKfVYTsLDhXkFL/6gfkp+U8xTGdh8pMJv1SpZna0zxG1DwsKZsreLbXBxw==}

  vscode-jsonrpc@8.2.1:
    resolution: {integrity: sha512-kdjOSJ2lLIn7r1rtrMbbNCHjyMPfRnowdKjBQ+mGq6NAW5QY2bEZC/khaC5OR8svbbjvLEaIXkOq45e2X9BIbQ==}
    engines: {node: '>=14.0.0'}

  which@2.0.2:
    resolution: {integrity: sha512-BLI3Tl1TW3Pvl70l3yq3Y64i+awpwXqsGBYWkkqMtnbXgrMD+yj7rhW0kuEDxzJaYXGjEW5ogapKNMEKNMjibA==}
    engines: {node: '>= 8'}
    hasBin: true

  ws@8.21.2:
    resolution: {integrity: sha512-54dMVAo4WIe6SKy3vBgN+9bJZqqQ8IMRevAkOLQALhi49qkkQDQfWdAZ8KQlXiEabw88ARXXdUrlvtbKQX+aKw==}
    engines: {node: '>=10.0.0'}
    peerDependencies:
      bufferutil: ^4.0.1
      utf-8-validate: '>=5.0.2'
    peerDependenciesMeta:
      bufferutil:
        optional: true
      utf-8-validate:
        optional: true

  zod@4.4.3:
    resolution: {integrity: sha512-ytENFjIJFl2UwYglde2jchW2Hwm4GJFLDiSXWdTrJQBIN9Fcyp7n4DhxJEiWNAJMV1/BqWfW/kkg71UDcHJyTQ==}

snapshots:

  '@esbuild/aix-ppc64@0.25.12':
    optional: true

  '@esbuild/android-arm64@0.25.12':
    optional: true

  '@esbuild/android-arm@0.25.12':
    optional: true

  '@esbuild/android-x64@0.25.12':
    optional: true

  '@esbuild/darwin-arm64@0.25.12':
    optional: true

  '@esbuild/darwin-x64@0.25.12':
    optional: true

  '@esbuild/freebsd-arm64@0.25.12':
    optional: true

  '@esbuild/freebsd-x64@0.25.12':
    optional: true

  '@esbuild/linux-arm64@0.25.12':
    optional: true

  '@esbuild/linux-arm@0.25.12':
    optional: true

  '@esbuild/linux-ia32@0.25.12':
    optional: true

  '@esbuild/linux-loong64@0.25.12':
    optional: true

  '@esbuild/linux-mips64el@0.25.12':
    optional: true

  '@esbuild/linux-ppc64@0.25.12':
    optional: true

  '@esbuild/linux-riscv64@0.25.12':
    optional: true

  '@esbuild/linux-s390x@0.25.12':
    optional: true

  '@esbuild/linux-x64@0.25.12':
    optional: true

  '@esbuild/netbsd-arm64@0.25.12':
    optional: true

  '@esbuild/netbsd-x64@0.25.12':
    optional: true

  '@esbuild/openbsd-arm64@0.25.12':
    optional: true

  '@esbuild/openbsd-x64@0.25.12':
    optional: true

  '@esbuild/openharmony-arm64@0.25.12':
    optional: true

  '@esbuild/sunos-x64@0.25.12':
    optional: true

  '@esbuild/win32-arm64@0.25.12':
    optional: true

  '@esbuild/win32-ia32@0.25.12':
    optional: true

  '@esbuild/win32-x64@0.25.12':
    optional: true

  '@github/copilot-darwin-arm64@1.0.78':
    optional: true

  '@github/copilot-darwin-arm64@1.0.79':
    optional: true

  '@github/copilot-darwin-x64@1.0.78':
    optional: true

  '@github/copilot-darwin-x64@1.0.79':
    optional: true

  '@github/copilot-linux-arm64@1.0.78':
    optional: true

  '@github/copilot-linux-arm64@1.0.79':
    optional: true

  '@github/copilot-linux-x64@1.0.78':
    optional: true

  '@github/copilot-linux-x64@1.0.79':
    optional: true

  '@github/copilot-linuxmusl-arm64@1.0.78':
    optional: true

  '@github/copilot-linuxmusl-arm64@1.0.79':
    optional: true

  '@github/copilot-linuxmusl-x64@1.0.78':
    optional: true

  '@github/copilot-linuxmusl-x64@1.0.79':
    optional: true

  '@github/copilot-sdk@1.0.9':
    dependencies:
      '@github/copilot': 1.0.78
      koffi: 3.1.4
      vscode-jsonrpc: 8.2.1
      zod: 4.4.3

  '@github/copilot-win32-arm64@1.0.78':
    optional: true

  '@github/copilot-win32-arm64@1.0.79':
    optional: true

  '@github/copilot-win32-x64@1.0.78':
    optional: true

  '@github/copilot-win32-x64@1.0.79':
    optional: true

  '@github/copilot@1.0.78':
    dependencies:
      detect-libc: 2.1.2
    optionalDependencies:
      '@github/copilot-darwin-arm64': 1.0.78
      '@github/copilot-darwin-x64': 1.0.78
      '@github/copilot-linux-arm64': 1.0.78
      '@github/copilot-linux-x64': 1.0.78
      '@github/copilot-linuxmusl-arm64': 1.0.78
      '@github/copilot-linuxmusl-x64': 1.0.78
      '@github/copilot-win32-arm64': 1.0.78
      '@github/copilot-win32-x64': 1.0.78

  '@github/copilot@1.0.79':
    dependencies:
      detect-libc: 2.1.2
    optionalDependencies:
      '@github/copilot-darwin-arm64': 1.0.79
      '@github/copilot-darwin-x64': 1.0.79
      '@github/copilot-linux-arm64': 1.0.79
      '@github/copilot-linux-x64': 1.0.79
      '@github/copilot-linuxmusl-arm64': 1.0.79
      '@github/copilot-linuxmusl-x64': 1.0.79
      '@github/copilot-win32-arm64': 1.0.79
      '@github/copilot-win32-x64': 1.0.79

  '@hono/node-server@1.19.17(hono@4.13.0)':
    dependencies:
      hono: 4.13.0

  '@koromix/koffi-darwin-arm64@3.1.4':
    optional: true

  '@koromix/koffi-darwin-x64@3.1.4':
    optional: true

  '@koromix/koffi-freebsd-arm64@3.1.4':
    optional: true

  '@koromix/koffi-freebsd-ia32@3.1.4':
    optional: true

  '@koromix/koffi-freebsd-x64@3.1.4':
    optional: true

  '@koromix/koffi-linux-arm64@3.1.4':
    optional: true

  '@koromix/koffi-linux-ia32@3.1.4':
    optional: true

  '@koromix/koffi-linux-loong64@3.1.4':
    optional: true

  '@koromix/koffi-linux-riscv64@3.1.4':
    optional: true

  '@koromix/koffi-linux-x64@3.1.4':
    optional: true

  '@koromix/koffi-openbsd-ia32@3.1.4':
    optional: true

  '@koromix/koffi-openbsd-x64@3.1.4':
    optional: true

  '@koromix/koffi-win32-arm64@3.1.4':
    optional: true

  '@koromix/koffi-win32-ia32@3.1.4':
    optional: true

  '@koromix/koffi-win32-x64@3.1.4':
    optional: true

  '@modelcontextprotocol/client@2.0.0':
    dependencies:
      '@modelcontextprotocol/core': 2.0.0
      cross-spawn: 7.0.6
      eventsource: 3.0.7
      eventsource-parser: 3.1.0
      jose: 6.2.8
      pkce-challenge: 5.0.1
      zod: 4.4.3

  '@modelcontextprotocol/core@2.0.0':
    dependencies:
      zod: 4.4.3

  '@modelcontextprotocol/node@2.0.0(@modelcontextprotocol/server@2.0.0)(hono@4.13.0)':
    dependencies:
      '@hono/node-server': 1.19.17(hono@4.13.0)
      '@modelcontextprotocol/server': 2.0.0
    optionalDependencies:
      hono: 4.13.0

  '@modelcontextprotocol/server@2.0.0':
    dependencies:
      '@modelcontextprotocol/core': 2.0.0
      zod: 4.4.3

  '@types/node@24.1.0':
    dependencies:
      undici-types: 7.8.0

  '@types/ws@8.18.1':
    dependencies:
      '@types/node': 24.1.0

  '@typescript/typescript-aix-ppc64@7.0.2':
    optional: true

  '@typescript/typescript-darwin-arm64@7.0.2':
    optional: true

  '@typescript/typescript-darwin-x64@7.0.2':
    optional: true

  '@typescript/typescript-freebsd-arm64@7.0.2':
    optional: true

  '@typescript/typescript-freebsd-x64@7.0.2':
    optional: true

  '@typescript/typescript-linux-arm64@7.0.2':
    optional: true

  '@typescript/typescript-linux-arm@7.0.2':
    optional: true

  '@typescript/typescript-linux-loong64@7.0.2':
    optional: true

  '@typescript/typescript-linux-mips64el@7.0.2':
    optional: true

  '@typescript/typescript-linux-ppc64@7.0.2':
    optional: true

  '@typescript/typescript-linux-riscv64@7.0.2':
    optional: true

  '@typescript/typescript-linux-s390x@7.0.2':
    optional: true

  '@typescript/typescript-linux-x64@7.0.2':
    optional: true

  '@typescript/typescript-netbsd-arm64@7.0.2':
    optional: true

  '@typescript/typescript-netbsd-x64@7.0.2':
    optional: true

  '@typescript/typescript-openbsd-arm64@7.0.2':
    optional: true

  '@typescript/typescript-openbsd-x64@7.0.2':
    optional: true

  '@typescript/typescript-sunos-x64@7.0.2':
    optional: true

  '@typescript/typescript-win32-arm64@7.0.2':
    optional: true

  '@typescript/typescript-win32-x64@7.0.2':
    optional: true

  cross-spawn@7.0.6:
    dependencies:
      path-key: 3.1.1
      shebang-command: 2.0.0
      which: 2.0.2

  detect-libc@2.1.2: {}

  esbuild@0.25.12:
    optionalDependencies:
      '@esbuild/aix-ppc64': 0.25.12
      '@esbuild/android-arm': 0.25.12
      '@esbuild/android-arm64': 0.25.12
      '@esbuild/android-x64': 0.25.12
      '@esbuild/darwin-arm64': 0.25.12
      '@esbuild/darwin-x64': 0.25.12
      '@esbuild/freebsd-arm64': 0.25.12
      '@esbuild/freebsd-x64': 0.25.12
      '@esbuild/linux-arm': 0.25.12
      '@esbuild/linux-arm64': 0.25.12
      '@esbuild/linux-ia32': 0.25.12
      '@esbuild/linux-loong64': 0.25.12
      '@esbuild/linux-mips64el': 0.25.12
      '@esbuild/linux-ppc64': 0.25.12
      '@esbuild/linux-riscv64': 0.25.12
      '@esbuild/linux-s390x': 0.25.12
      '@esbuild/linux-x64': 0.25.12
      '@esbuild/netbsd-arm64': 0.25.12
      '@esbuild/netbsd-x64': 0.25.12
      '@esbuild/openbsd-arm64': 0.25.12
      '@esbuild/openbsd-x64': 0.25.12
      '@esbuild/openharmony-arm64': 0.25.12
      '@esbuild/sunos-x64': 0.25.12
      '@esbuild/win32-arm64': 0.25.12
      '@esbuild/win32-ia32': 0.25.12
      '@esbuild/win32-x64': 0.25.12

  eventsource-parser@3.1.0: {}

  eventsource@3.0.7:
    dependencies:
      eventsource-parser: 3.1.0

  fsevents@2.3.3:
    optional: true

  get-tsconfig@4.14.1:
    dependencies:
      resolve-pkg-maps: 1.0.0

  hono@4.13.0: {}

  isexe@2.0.0: {}

  jose@6.2.8: {}

  koffi@3.1.4:
    optionalDependencies:
      '@koromix/koffi-darwin-arm64': 3.1.4
      '@koromix/koffi-darwin-x64': 3.1.4
      '@koromix/koffi-freebsd-arm64': 3.1.4
      '@koromix/koffi-freebsd-ia32': 3.1.4
      '@koromix/koffi-freebsd-x64': 3.1.4
      '@koromix/koffi-linux-arm64': 3.1.4
      '@koromix/koffi-linux-ia32': 3.1.4
      '@koromix/koffi-linux-loong64': 3.1.4
      '@koromix/koffi-linux-riscv64': 3.1.4
      '@koromix/koffi-linux-x64': 3.1.4
      '@koromix/koffi-openbsd-ia32': 3.1.4
      '@koromix/koffi-openbsd-x64': 3.1.4
      '@koromix/koffi-win32-arm64': 3.1.4
      '@koromix/koffi-win32-ia32': 3.1.4
      '@koromix/koffi-win32-x64': 3.1.4

  path-key@3.1.1: {}

  pkce-challenge@5.0.1: {}

  resolve-pkg-maps@1.0.0: {}

  shebang-command@2.0.0:
    dependencies:
      shebang-regex: 3.0.0

  shebang-regex@3.0.0: {}

  tsx@4.20.3:
    dependencies:
      esbuild: 0.25.12
      get-tsconfig: 4.14.1
    optionalDependencies:
      fsevents: 2.3.3

  typescript@7.0.2:
    optionalDependencies:
      '@typescript/typescript-aix-ppc64': 7.0.2
      '@typescript/typescript-darwin-arm64': 7.0.2
      '@typescript/typescript-darwin-x64': 7.0.2
      '@typescript/typescript-freebsd-arm64': 7.0.2
      '@typescript/typescript-freebsd-x64': 7.0.2
      '@typescript/typescript-linux-arm': 7.0.2
      '@typescript/typescript-linux-arm64': 7.0.2
      '@typescript/typescript-linux-loong64': 7.0.2
      '@typescript/typescript-linux-mips64el': 7.0.2
      '@typescript/typescript-linux-ppc64': 7.0.2
      '@typescript/typescript-linux-riscv64': 7.0.2
      '@typescript/typescript-linux-s390x': 7.0.2
      '@typescript/typescript-linux-x64': 7.0.2
      '@typescript/typescript-netbsd-arm64': 7.0.2
      '@typescript/typescript-netbsd-x64': 7.0.2
      '@typescript/typescript-openbsd-arm64': 7.0.2
      '@typescript/typescript-openbsd-x64': 7.0.2
      '@typescript/typescript-sunos-x64': 7.0.2
      '@typescript/typescript-win32-arm64': 7.0.2
      '@typescript/typescript-win32-x64': 7.0.2

  undici-types@7.8.0: {}

  vscode-jsonrpc@8.2.1: {}

  which@2.0.2:
    dependencies:
      isexe: 2.0.0

  ws@8.21.2: {}

  zod@4.4.3: {}
